# THIS IS AN AUTOGENERATED FILE. DO NOT EDIT THIS FILE DIRECTLY.
# yarn lockfile v1


"@prisma/cli@^2.8.0":
  version "2.8.0"
  resolved "https://registry.yarnpkg.com/@prisma/cli/-/cli-2.8.0.tgz#919d7f66023affa76d14823212b62a8512cfd37d"
  integrity sha512-Kg1C47d75jdEIMmJif8TMlv/2Ihx08E1qWp0euwoZhjd807HGnjgC9tJYjTfkdf+NMJSAUbvoPXKInEX0HoOMw==
